
Microsoft Visual Studio Solution File, Format Version 12.00
# Visual Studio Version 16
VisualStudioVersion = 16.0.29424.173
MinimumVisualStudioVersion = 10.0.40219.1
Project("{8BC9CEB8-8B4A-11D0-8D11-00A0C91BC942}") = "Bank Account", "Bank Account\Bank Account.vcxproj", "{96492ECB-DBB4-40FC-8D3F-E8AE03B27724}"
EndProject
Global
	GlobalSection(SolutionConfigurationPlatforms) = preSolution
		Debug|x64 = Debug|x64
		Debug|x86 = Debug|x86
		Release|x64 = Release|x64
		Release|x86 = Release|x86
	EndGlobalSection
	GlobalSection(ProjectConfigurationPlatforms) = postSolution
		{96492ECB-DBB4-40FC-8D3F-E8AE03B27724}.Debug|x64.ActiveCfg = Debug|x64
		{96492ECB-DBB4-40FC-8D3F-E8AE03B27724}.Debug|x64.Build.0 = Debug|x64
		{96492ECB-DBB4-40FC-8D3F-E8AE03B27724}.Debug|x86.ActiveCfg = Debug|Win32
		{96492ECB-DBB4-40FC-8D3F-E8AE03B27724}.Debug|x86.Build.0 = Debug|Win32
		{96492ECB-DBB4-40FC-8D3F-E8AE03B27724}.Release|x64.ActiveCfg = Release|x64
		{96492ECB-DBB4-40FC-8D3F-E8AE03B27724}.Release|x64.Build.0 = Release|x64
		{96492ECB-DBB4-40FC-8D3F-E8AE03B27724}.Release|x86.ActiveCfg = Release|Win32
		{96492ECB-DBB4-40FC-8D3F-E8AE03B27724}.Release|x86.Build.0 = Release|Win32
	EndGlobalSection
	GlobalSection(SolutionProperties) = preSolution
		HideSolutionNode = FALSE
	EndGlobalSection
	GlobalSection(ExtensibilityGlobals) = postSolution
		SolutionGuid = {C53F006F-BB2A-496F-8952-9FF34FE15BC0}
	EndGlobalSection
EndGlobal
